
Microsoft Visual Studio Solution File, Format Version 12.00
# Visual Studio 2012
Project("{FAE04EC0-301F-11D3-BF4B-00C04F79EFBC}") = "GuildedRoseKata.UnitTests", "GuildedRoseKata.UnitTests\GuildedRoseKata.UnitTests.csproj", "{85070D5C-C142-4162-A9AE-01A6AE4EC64A}"
EndProject
Project("{FAE04EC0-301F-11D3-BF4B-00C04F79EFBC}") = "GuildedRoseKata", "GuildedRoseKata\GuildedRoseKata.csproj", "{D5DB5B0E-FBD7-4241-9D91-BF8D5427C800}"
EndProject
Global
	GlobalSection(SolutionConfigurationPlatforms) = preSolution
		Debug|Any CPU = Debug|Any CPU
		Release|Any CPU = Release|Any CPU
	EndGlobalSection
	GlobalSection(ProjectConfigurationPlatforms) = postSolution
		{85070D5C-C142-4162-A9AE-01A6AE4EC64A}.Debug|Any CPU.ActiveCfg = Debug|Any CPU
		{85070D5C-C142-4162-A9AE-01A6AE4EC64A}.Debug|Any CPU.Build.0 = Debug|Any CPU
		{85070D5C-C142-4162-A9AE-01A6AE4EC64A}.Release|Any CPU.ActiveCfg = Release|Any CPU
		{85070D5C-C142-4162-A9AE-01A6AE4EC64A}.Release|Any CPU.Build.0 = Release|Any CPU
		{D5DB5B0E-FBD7-4241-9D91-BF8D5427C800}.Debug|Any CPU.ActiveCfg = Debug|Any CPU
		{D5DB5B0E-FBD7-4241-9D91-BF8D5427C800}.Debug|Any CPU.Build.0 = Debug|Any CPU
		{D5DB5B0E-FBD7-4241-9D91-BF8D5427C800}.Release|Any CPU.ActiveCfg = Release|Any CPU
		{D5DB5B0E-FBD7-4241-9D91-BF8D5427C800}.Release|Any CPU.Build.0 = Release|Any CPU
	EndGlobalSection
EndGlobal
